{
  "name": "ycp-cli-test",
  "version": "0.0.1",
  "lockfileVersion": 1,
  "requires": true,
  "dependencies": {
    "ycp-cli-demo": {
      "version": "1.0.0",
      "resolved": "https://registry.npmjs.org/ycp-cli-demo/-/ycp-cli-demo-1.0.0.tgz",
      "integrity": "sha512-24jhqN3rOfe0JcdjP4E2Jo9kBoczDrmyX/bDHrKh8AfNNDUAubPcMgu4pC5IkPUSh7vkuXzN1X7RHWfU1RfXtw=="
    }
  }
}
